
Microsoft Visual Studio Solution File, Format Version 12.00
# Visual Studio Version 16
VisualStudioVersion = 16.0.31702.278
MinimumVisualStudioVersion = 10.0.40219.1
Project("{FAE04EC0-301F-11D3-BF4B-00C04F79EFBC}") = "FJunkie", "FJunkie\FJunkie.csproj", "{418C334A-1EFA-4E8B-B227-5EA9E03DB43E}"
EndProject
Global
	GlobalSection(SolutionConfigurationPlatforms) = preSolution
		Debug|Any CPU = Debug|Any CPU
		Release|Any CPU = Release|Any CPU
	EndGlobalSection
	GlobalSection(ProjectConfigurationPlatforms) = postSolution
		{418C334A-1EFA-4E8B-B227-5EA9E03DB43E}.Debug|Any CPU.ActiveCfg = Debug|Any CPU
		{418C334A-1EFA-4E8B-B227-5EA9E03DB43E}.Debug|Any CPU.Build.0 = Debug|Any CPU
		{418C334A-1EFA-4E8B-B227-5EA9E03DB43E}.Release|Any CPU.ActiveCfg = Release|Any CPU
		{418C334A-1EFA-4E8B-B227-5EA9E03DB43E}.Release|Any CPU.Build.0 = Release|Any CPU
	EndGlobalSection
	GlobalSection(SolutionProperties) = preSolution
		HideSolutionNode = FALSE
	EndGlobalSection
	GlobalSection(ExtensibilityGlobals) = postSolution
		SolutionGuid = {FB67A95B-34B2-44B9-BD7E-86918E32AEF3}
	EndGlobalSection
EndGlobal
